
Microsoft Visual Studio Solution File, Format Version 12.00
# Visual Studio 2012
Project("{FAE04EC0-301F-11D3-BF4B-00C04F79EFBC}") = "Main", "Main\Main.csproj", "{31778A32-9037-4ADC-ABCD-585D952D1AF1}"
EndProject
Project("{FAE04EC0-301F-11D3-BF4B-00C04F79EFBC}") = "Tasks", "Tasks\Tasks.csproj", "{AAD63605-22CD-4626-AD5F-3705E37800DD}"
EndProject
Global
	GlobalSection(SolutionConfigurationPlatforms) = preSolution
		Debug|Any CPU = Debug|Any CPU
		Release|Any CPU = Release|Any CPU
	EndGlobalSection
	GlobalSection(ProjectConfigurationPlatforms) = postSolution
		{31778A32-9037-4ADC-ABCD-585D952D1AF1}.Debug|Any CPU.ActiveCfg = Debug|Any CPU
		{31778A32-9037-4ADC-ABCD-585D952D1AF1}.Debug|Any CPU.Build.0 = Debug|Any CPU
		{31778A32-9037-4ADC-ABCD-585D952D1AF1}.Release|Any CPU.ActiveCfg = Release|Any CPU
		{31778A32-9037-4ADC-ABCD-585D952D1AF1}.Release|Any CPU.Build.0 = Release|Any CPU
		{AAD63605-22CD-4626-AD5F-3705E37800DD}.Debug|Any CPU.ActiveCfg = Debug|Any CPU
		{AAD63605-22CD-4626-AD5F-3705E37800DD}.Debug|Any CPU.Build.0 = Debug|Any CPU
		{AAD63605-22CD-4626-AD5F-3705E37800DD}.Release|Any CPU.ActiveCfg = Release|Any CPU
		{AAD63605-22CD-4626-AD5F-3705E37800DD}.Release|Any CPU.Build.0 = Release|Any CPU
	EndGlobalSection
	GlobalSection(SolutionProperties) = preSolution
		HideSolutionNode = FALSE
	EndGlobalSection
EndGlobal
